{
  "nodes": {
    "mdtraj": {
      "inputs": {
        "nixpkgs": "nixpkgs",
        "py-utils": "py-utils",
        "utils": "utils"
      },
      "locked": {
        "lastModified": 1653011639,
        "narHash": "sha256-MwRYymhkHPvh/WkNlx55+YgGuC8o5DSIiXbEO3tf6kA=",
        "owner": "mdtraj",
        "repo": "mdtraj",
        "rev": "1a757274f6f9acd6c9c847c72f5857e9c1046d17",
        "type": "github"
      },
      "original": {
        "owner": "mdtraj",
        "repo": "mdtraj",
        "type": "github"
      }
    },
    "nixpkgs": {
      "locked": {
        "lastModified": 1644359234,
        "narHash": "sha256-u/sBnRgrFrn9W8gZMS6vN3ZnJsoTvbws968TpqwlDJQ=",
        "owner": "NixOS",
        "repo": "nixpkgs",
        "rev": "c5051e2b5fe9fab43a64f0e0d06b62c81a890b90",
        "type": "github"
      },
      "original": {
        "owner": "NixOS",
        "ref": "nixos-unstable",
        "repo": "nixpkgs",
        "type": "github"
      }
    },
    "nixpkgs_2": {
      "locked": {
        "lastModified": 1666362630,
        "narHash": "sha256-mIwAhiOuJ7XvTlXylIOmulvp1R4Ro+OYSsf2WATMLMc=",
        "owner": "nixos",
        "repo": "nixpkgs",
        "rev": "45454cd8ede6df14a8ae3c645a2f09fa2ca6c0d4",
        "type": "github"
      },
      "original": {
        "owner": "nixos",
        "repo": "nixpkgs",
        "type": "github"
      }
    },
    "nixpkgs_3": {
      "locked": {
        "lastModified": 1666198336,
        "narHash": "sha256-VTrWD8Bb48h2pi57P1++LuvZIgum3gSLiRzZ/8q3rg0=",
        "owner": "nixos",
        "repo": "nixpkgs",
        "rev": "db25c4da285c5989b39e4ce13dea651a88b7a9d4",
        "type": "github"
      },
      "original": {
        "owner": "nixos",
        "ref": "nixos-unstable",
        "repo": "nixpkgs",
        "type": "github"
      }
    },
    "py-utils": {
      "locked": {
        "lastModified": 1644413691,
        "narHash": "sha256-JcZlxVZGRQkAs5ti5N1hvt7JA3w6NoZ+P4Hte77izC0=",
        "owner": "rmcgibbo",
        "repo": "python-flake-utils",
        "rev": "47b4ec65adfd82f029be229aa0d1646c0b6d2ed4",
        "type": "github"
      },
      "original": {
        "owner": "rmcgibbo",
        "ref": "2arg",
        "repo": "python-flake-utils",
        "type": "github"
      }
    },
    "root": {
      "inputs": {
        "mdtraj": "mdtraj",
        "nixpkgs": "nixpkgs_2",
        "timemachine-flake": "timemachine-flake"
      }
    },
    "timemachine-flake": {
      "inputs": {
        "nixpkgs": "nixpkgs_3",
        "timemachine-src": "timemachine-src"
      },
      "locked": {
        "lastModified": 1666366209,
        "narHash": "sha256-pnaYYZ8FMIAoqE6nSKZ7wpViyJZQx7X3FdcEaQbracw=",
        "owner": "mcwitt",
        "repo": "timemachine-flake",
        "rev": "ac42b85237c112fde56e2b167655c966cb39cab1",
        "type": "github"
      },
      "original": {
        "owner": "mcwitt",
        "repo": "timemachine-flake",
        "type": "github"
      }
    },
    "timemachine-src": {
      "flake": false,
      "locked": {
        "lastModified": 1666205631,
        "narHash": "sha256-1JEh6kPkUEaIoMjJ/gLzk5NzYN4H1Wx0anfujKuaE7Y=",
        "owner": "proteneer",
        "repo": "timemachine",
        "rev": "70aef22f702112c6bb87f4ca2c7da3fe460e2b3b",
        "type": "github"
      },
      "original": {
        "owner": "proteneer",
        "repo": "timemachine",
        "type": "github"
      }
    },
    "utils": {
      "locked": {
        "lastModified": 1644229661,
        "narHash": "sha256-1YdnJAsNy69bpcjuoKdOYQX0YxZBiCYZo4Twxerqv7k=",
        "owner": "numtide",
        "repo": "flake-utils",
        "rev": "3cecb5b042f7f209c56ffd8371b2711a290ec797",
        "type": "github"
      },
      "original": {
        "owner": "numtide",
        "repo": "flake-utils",
        "type": "github"
      }
    }
  },
  "root": "root",
  "version": 7
}
